
Microsoft Visual Studio Solution File, Format Version 11.00
# Visual Studio 2010
Project("{E24C65DC-7377-472B-9ABA-BC803B73C61A}") = "maichungamchair_source", "maichungamchair_source\", "{9F152038-2CDD-4EC2-97F1-211F47AD0012}"
	ProjectSection(WebsiteProperties) = preProject
		TargetFrameworkMoniker = ".NETFramework,Version%3Dv3.5"
		Debug.AspNetCompiler.VirtualPath = "/maichungamchair_source"
		Debug.AspNetCompiler.PhysicalPath = "maichungamchair_source\"
		Debug.AspNetCompiler.TargetPath = "PrecompiledWeb\maichungamchair_source\"
		Debug.AspNetCompiler.Updateable = "true"
		Debug.AspNetCompiler.ForceOverwrite = "true"
		Debug.AspNetCompiler.FixedNames = "false"
		Debug.AspNetCompiler.Debug = "True"
		Release.AspNetCompiler.VirtualPath = "/maichungamchair_source"
		Release.AspNetCompiler.PhysicalPath = "\maichungamchair_source\"
		Release.AspNetCompiler.TargetPath = "PrecompiledWeb\maichungamchair_source\"
		Release.AspNetCompiler.Updateable = "true"
		Release.AspNetCompiler.ForceOverwrite = "true"
		Release.AspNetCompiler.FixedNames = "false"
		Release.AspNetCompiler.Debug = "False"
		VWDPort = "1375"
	EndProjectSection
EndProject
Global
	GlobalSection(SolutionConfigurationPlatforms) = preSolution
		Debug|Any CPU = Debug|Any CPU
	EndGlobalSection
	GlobalSection(ProjectConfigurationPlatforms) = postSolution
		{9F152038-2CDD-4EC2-97F1-211F47AD0012}.Debug|Any CPU.ActiveCfg = Debug|Any CPU
		{9F152038-2CDD-4EC2-97F1-211F47AD0012}.Debug|Any CPU.Build.0 = Debug|Any CPU
	EndGlobalSection
	GlobalSection(SolutionProperties) = preSolution
		HideSolutionNode = FALSE
	EndGlobalSection
EndGlobal
